
Microsoft Visual Studio Solution File, Format Version 12.00
# Visual Studio Version 16
VisualStudioVersion = 16.0.28803.202
MinimumVisualStudioVersion = 10.0.40219.1
Project("{2150E333-8FDC-42A3-9474-1A3956D46DE8}") = "TestApps", "TestApps", "{8CC75D43-23ED-47FA-A981-007A8AE44AA9}"
EndProject
Project("{9A19103F-16F7-4668-BE54-9A1E7A4F7556}") = "NTier.NET.TestApps.Server", "TestApps\NTier.NET.TestApps.Server\NTier.NET.TestApps.Server.csproj", "{65F31DCD-E683-4447-99E9-A11877662A51}"
EndProject
Project("{9A19103F-16F7-4668-BE54-9A1E7A4F7556}") = "NTier.NET.TestApps.Client", "TestApps\NTier.NET.TestApps.Client\NTier.NET.TestApps.Client.csproj", "{EA2A7183-73D2-4762-8B34-20AD71E54235}"
EndProject
Project("{9A19103F-16F7-4668-BE54-9A1E7A4F7556}") = "NTier.NET.Core", "NTier.Net.Core\NTier.NET.Core.csproj", "{22CCBB5C-1E0A-4C94-8297-5C653BEF24D5}"
EndProject
Project("{9A19103F-16F7-4668-BE54-9A1E7A4F7556}") = "NTier.NET.Client", "NTier.NET.Client\NTier.NET.Client.csproj", "{E6942CBD-DCF0-4552-9D57-AFB47D5D7DA8}"
EndProject
Project("{9A19103F-16F7-4668-BE54-9A1E7A4F7556}") = "NTier.NET.Server", "NTier.NET.Server\NTier.NET.Server.csproj", "{90FBB62F-2684-4BA1-8E43-366A05F3D5DD}"
EndProject
Project("{9A19103F-16F7-4668-BE54-9A1E7A4F7556}") = "NTier.NET", "NTier.NET\NTier.NET.csproj", "{62D5BAD4-FFC1-453A-BB27-D5533586D2A4}"
EndProject
Global
	GlobalSection(SolutionConfigurationPlatforms) = preSolution
		Debug|Any CPU = Debug|Any CPU
		Release|Any CPU = Release|Any CPU
	EndGlobalSection
	GlobalSection(ProjectConfigurationPlatforms) = postSolution
		{65F31DCD-E683-4447-99E9-A11877662A51}.Debug|Any CPU.ActiveCfg = Debug|Any CPU
		{65F31DCD-E683-4447-99E9-A11877662A51}.Debug|Any CPU.Build.0 = Debug|Any CPU
		{65F31DCD-E683-4447-99E9-A11877662A51}.Release|Any CPU.ActiveCfg = Release|Any CPU
		{65F31DCD-E683-4447-99E9-A11877662A51}.Release|Any CPU.Build.0 = Release|Any CPU
		{EA2A7183-73D2-4762-8B34-20AD71E54235}.Debug|Any CPU.ActiveCfg = Debug|Any CPU
		{EA2A7183-73D2-4762-8B34-20AD71E54235}.Debug|Any CPU.Build.0 = Debug|Any CPU
		{EA2A7183-73D2-4762-8B34-20AD71E54235}.Release|Any CPU.ActiveCfg = Release|Any CPU
		{EA2A7183-73D2-4762-8B34-20AD71E54235}.Release|Any CPU.Build.0 = Release|Any CPU
		{22CCBB5C-1E0A-4C94-8297-5C653BEF24D5}.Debug|Any CPU.ActiveCfg = Debug|Any CPU
		{22CCBB5C-1E0A-4C94-8297-5C653BEF24D5}.Debug|Any CPU.Build.0 = Debug|Any CPU
		{22CCBB5C-1E0A-4C94-8297-5C653BEF24D5}.Release|Any CPU.ActiveCfg = Release|Any CPU
		{22CCBB5C-1E0A-4C94-8297-5C653BEF24D5}.Release|Any CPU.Build.0 = Release|Any CPU
		{E6942CBD-DCF0-4552-9D57-AFB47D5D7DA8}.Debug|Any CPU.ActiveCfg = Debug|Any CPU
		{E6942CBD-DCF0-4552-9D57-AFB47D5D7DA8}.Debug|Any CPU.Build.0 = Debug|Any CPU
		{E6942CBD-DCF0-4552-9D57-AFB47D5D7DA8}.Release|Any CPU.ActiveCfg = Release|Any CPU
		{E6942CBD-DCF0-4552-9D57-AFB47D5D7DA8}.Release|Any CPU.Build.0 = Release|Any CPU
		{90FBB62F-2684-4BA1-8E43-366A05F3D5DD}.Debug|Any CPU.ActiveCfg = Debug|Any CPU
		{90FBB62F-2684-4BA1-8E43-366A05F3D5DD}.Debug|Any CPU.Build.0 = Debug|Any CPU
		{90FBB62F-2684-4BA1-8E43-366A05F3D5DD}.Release|Any CPU.ActiveCfg = Release|Any CPU
		{90FBB62F-2684-4BA1-8E43-366A05F3D5DD}.Release|Any CPU.Build.0 = Release|Any CPU
		{62D5BAD4-FFC1-453A-BB27-D5533586D2A4}.Debug|Any CPU.ActiveCfg = Debug|Any CPU
		{62D5BAD4-FFC1-453A-BB27-D5533586D2A4}.Debug|Any CPU.Build.0 = Debug|Any CPU
		{62D5BAD4-FFC1-453A-BB27-D5533586D2A4}.Release|Any CPU.ActiveCfg = Release|Any CPU
		{62D5BAD4-FFC1-453A-BB27-D5533586D2A4}.Release|Any CPU.Build.0 = Release|Any CPU
	EndGlobalSection
	GlobalSection(SolutionProperties) = preSolution
		HideSolutionNode = FALSE
	EndGlobalSection
	GlobalSection(NestedProjects) = preSolution
		{65F31DCD-E683-4447-99E9-A11877662A51} = {8CC75D43-23ED-47FA-A981-007A8AE44AA9}
		{EA2A7183-73D2-4762-8B34-20AD71E54235} = {8CC75D43-23ED-47FA-A981-007A8AE44AA9}
	EndGlobalSection
	GlobalSection(ExtensibilityGlobals) = postSolution
		SolutionGuid = {1057192C-61B8-478E-9683-B71AD30C4CAC}
	EndGlobalSection
EndGlobal
